
Microsoft Visual Studio Solution File, Format Version 11.00
# Visual Studio 2010
Project("{FAE04EC0-301F-11D3-BF4B-00C04F79EFBC}") = "Assembly-CSharp-firstpass", "Assembly-CSharp-firstpass.csproj", "{909eecc3-d1a2-5745-2afa-a6d186fae1d1}"
EndProject
Project("{FAE04EC0-301F-11D3-BF4B-00C04F79EFBC}") = "Assembly-CSharp", "Assembly-CSharp.csproj", "{9f8d0f78-d2c0-e5a8-69b3-c1607ecc135f}"
EndProject
Project("{FAE04EC0-301F-11D3-BF4B-00C04F79EFBC}") = "Assembly-CSharp-Editor-firstpass", "Assembly-CSharp-Editor-firstpass.csproj", "{d7d190d4-5c16-fe37-1a43-8ea8073a295e}"
EndProject
Global
	GlobalSection(SolutionConfigurationPlatforms) = preSolution
		Debug|Any CPU = Debug|Any CPU
	EndGlobalSection
	GlobalSection(ProjectConfigurationPlatforms) = postSolution
		{909eecc3-d1a2-5745-2afa-a6d186fae1d1}.Debug|Any CPU.ActiveCfg = Debug|Any CPU
		{909eecc3-d1a2-5745-2afa-a6d186fae1d1}.Debug|Any CPU.Build.0 = Debug|Any CPU
		{9f8d0f78-d2c0-e5a8-69b3-c1607ecc135f}.Debug|Any CPU.ActiveCfg = Debug|Any CPU
		{9f8d0f78-d2c0-e5a8-69b3-c1607ecc135f}.Debug|Any CPU.Build.0 = Debug|Any CPU
		{d7d190d4-5c16-fe37-1a43-8ea8073a295e}.Debug|Any CPU.ActiveCfg = Debug|Any CPU
		{d7d190d4-5c16-fe37-1a43-8ea8073a295e}.Debug|Any CPU.Build.0 = Debug|Any CPU
	EndGlobalSection
	GlobalSection(SolutionProperties) = preSolution
		HideSolutionNode = FALSE
	EndGlobalSection
EndGlobal
